
Microsoft Visual Studio Solution File, Format Version 12.00
# Visual Studio 15
VisualStudioVersion = 15.0.28010.2016
MinimumVisualStudioVersion = 10.0.40219.1
Project("{9A19103F-16F7-4668-BE54-9A1E7A4F7556}") = "JetMovie", "JetMovie\JetMovie.csproj", "{344EF1B9-01A2-4C4F-87A9-C46D9DDE8548}"
EndProject
Project("{FAE04EC0-301F-11D3-BF4B-00C04F79EFBC}") = "JetMovie.Tests", "JetMovie.Tests\JetMovie.Tests.csproj", "{A8A3821F-5230-436C-800B-974E5ECEF713}"
EndProject
Global
	GlobalSection(SolutionConfigurationPlatforms) = preSolution
		Debug|Any CPU = Debug|Any CPU
		Release|Any CPU = Release|Any CPU
	EndGlobalSection
	GlobalSection(ProjectConfigurationPlatforms) = postSolution
		{344EF1B9-01A2-4C4F-87A9-C46D9DDE8548}.Debug|Any CPU.ActiveCfg = Debug|Any CPU
		{344EF1B9-01A2-4C4F-87A9-C46D9DDE8548}.Debug|Any CPU.Build.0 = Debug|Any CPU
		{344EF1B9-01A2-4C4F-87A9-C46D9DDE8548}.Release|Any CPU.ActiveCfg = Release|Any CPU
		{344EF1B9-01A2-4C4F-87A9-C46D9DDE8548}.Release|Any CPU.Build.0 = Release|Any CPU
		{A8A3821F-5230-436C-800B-974E5ECEF713}.Debug|Any CPU.ActiveCfg = Debug|Any CPU
		{A8A3821F-5230-436C-800B-974E5ECEF713}.Debug|Any CPU.Build.0 = Debug|Any CPU
		{A8A3821F-5230-436C-800B-974E5ECEF713}.Release|Any CPU.ActiveCfg = Release|Any CPU
		{A8A3821F-5230-436C-800B-974E5ECEF713}.Release|Any CPU.Build.0 = Release|Any CPU
	EndGlobalSection
	GlobalSection(SolutionProperties) = preSolution
		HideSolutionNode = FALSE
	EndGlobalSection
	GlobalSection(ExtensibilityGlobals) = postSolution
		SolutionGuid = {24F9F95F-C8C9-405F-A441-6A29B44DC3EC}
	EndGlobalSection
EndGlobal
